
Microsoft Visual Studio Solution File, Format Version 12.00
# Visual Studio Version 17
VisualStudioVersion = 17.7.34202.233
MinimumVisualStudioVersion = 10.0.40219.1
Project("{FAE04EC0-301F-11D3-BF4B-00C04F79EFBC}") = "Calculoimc", "Calculoimc\Calculoimc.csproj", "{2ACBA0B6-295F-4297-9687-72DF45E68B22}"
EndProject
Global
	GlobalSection(SolutionConfigurationPlatforms) = preSolution
		Debug|Any CPU = Debug|Any CPU
		Release|Any CPU = Release|Any CPU
	EndGlobalSection
	GlobalSection(ProjectConfigurationPlatforms) = postSolution
		{2ACBA0B6-295F-4297-9687-72DF45E68B22}.Debug|Any CPU.ActiveCfg = Debug|Any CPU
		{2ACBA0B6-295F-4297-9687-72DF45E68B22}.Debug|Any CPU.Build.0 = Debug|Any CPU
		{2ACBA0B6-295F-4297-9687-72DF45E68B22}.Release|Any CPU.ActiveCfg = Release|Any CPU
		{2ACBA0B6-295F-4297-9687-72DF45E68B22}.Release|Any CPU.Build.0 = Release|Any CPU
	EndGlobalSection
	GlobalSection(SolutionProperties) = preSolution
		HideSolutionNode = FALSE
	EndGlobalSection
	GlobalSection(ExtensibilityGlobals) = postSolution
		SolutionGuid = {CB928E75-FF1E-4B15-9693-C90ACEB118C9}
	EndGlobalSection
EndGlobal
